{
  "version": 4,
  "terraform_version": "1.2.3",
  "serial": 24,
  "lineage": "e49744f4-fd1a-1c0c-312c-3fbb0ed4d247",
  "outputs": {
    "instance_ip_addr": {
      "value": [
        "18.209.18.207"
      ],
      "type": [
        "tuple",
        [
          "string"
        ]
      ]
    }
  },
  "resources": [
    {
      "mode": "managed",
      "type": "aws_iam_instance_profile",
      "name": "jenkins_role_profile",
      "provider": "provider[\"registry.terraform.io/hashicorp/aws\"]",
      "instances": [
        {
          "schema_version": 0,
          "attributes": {
            "arn": "arn:aws:iam::725467313976:instance-profile/jenkins_role_profile",
            "create_date": "2022-07-02T21:22:51Z",
            "id": "jenkins_role_profile",
            "name": "jenkins_role_profile",
            "name_prefix": null,
            "path": "/",
            "role": "jenkins_role",
            "tags": {},
            "tags_all": {},
            "unique_id": "AIPA2R2JYW44GIGQL5HYJ"
          },
          "sensitive_attributes": [],
          "private": "bnVsbA==",
          "dependencies": [
            "aws_iam_role.jenkins_role"
          ]
        }
      ]
    },
    {
      "mode": "managed",
      "type": "aws_iam_role",
      "name": "jenkins_role",
      "provider": "provider[\"registry.terraform.io/hashicorp/aws\"]",
      "instances": [
        {
          "schema_version": 0,
          "attributes": {
            "arn": "arn:aws:iam::725467313976:role/jenkins_role",
            "assume_role_policy": "{\"Version\":\"2012-10-17\",\"Statement\":[{\"Sid\":\"\",\"Effect\":\"Allow\",\"Principal\":{\"Service\":\"ec2.amazonaws.com\"},\"Action\":\"sts:AssumeRole\"}]}",
            "create_date": "2022-07-02T21:22:51Z",
            "description": "",
            "force_detach_policies": false,
            "id": "jenkins_role",
            "inline_policy": [
              {
                "name": "jenkins_policy",
                "policy": "{\n  \"Version\": \"2012-10-17\",\n  \"Statement\": [\n    {\n      \"Action\": [\n        \"s3:*\",\n        \"ec2:*\"\n      ],\n      \"Effect\": \"Allow\",\n      \"Resource\": \"*\"\n    }\n  ]\n}\n"
              }
            ],
            "managed_policy_arns": [],
            "max_session_duration": 3600,
            "name": "jenkins_role",
            "name_prefix": "",
            "path": "/",
            "permissions_boundary": null,
            "tags": {},
            "tags_all": {},
            "unique_id": "AROA2R2JYW44GZJ5XPNGV"
          },
          "sensitive_attributes": [],
          "private": "bnVsbA=="
        }
      ]
    },
    {
      "mode": "managed",
      "type": "aws_iam_role_policy",
      "name": "jenkins_policy",
      "provider": "provider[\"registry.terraform.io/hashicorp/aws\"]",
      "instances": [
        {
          "schema_version": 0,
          "attributes": {
            "id": "jenkins_role:jenkins_policy",
            "name": "jenkins_policy",
            "name_prefix": null,
            "policy": "{\n  \"Version\": \"2012-10-17\",\n  \"Statement\": [\n    {\n      \"Action\": [\n        \"s3:*\",\n        \"ec2:*\",\n        \"eks:*\"\n      ],\n      \"Effect\": \"Allow\",\n      \"Resource\": \"*\"\n    }\n  ]\n}\n",
            "role": "jenkins_role"
          },
          "sensitive_attributes": [],
          "private": "bnVsbA==",
          "dependencies": [
            "aws_iam_role.jenkins_role"
          ]
        }
      ]
    },
    {
      "mode": "managed",
      "type": "aws_instance",
      "name": "instance",
      "provider": "provider[\"registry.terraform.io/hashicorp/aws\"]",
      "instances": [
        {
          "index_key": 0,
          "schema_version": 1,
          "attributes": {
            "ami": "ami-0cff7528ff583bf9a",
            "arn": "arn:aws:ec2:us-east-1:725467313976:instance/i-0674bf76fc1efc4d8",
            "associate_public_ip_address": true,
            "availability_zone": "us-east-1a",
            "capacity_reservation_specification": [
              {
                "capacity_reservation_preference": "open",
                "capacity_reservation_target": []
              }
            ],
            "cpu_core_count": 1,
            "cpu_threads_per_core": 1,
            "credit_specification": [
              {
                "cpu_credits": "standard"
              }
            ],
            "disable_api_stop": false,
            "disable_api_termination": false,
            "ebs_block_device": [],
            "ebs_optimized": false,
            "enclave_options": [
              {
                "enabled": false
              }
            ],
            "ephemeral_block_device": [],
            "get_password_data": false,
            "hibernation": false,
            "host_id": null,
            "iam_instance_profile": "jenkins_role_profile",
            "id": "i-0674bf76fc1efc4d8",
            "instance_initiated_shutdown_behavior": "stop",
            "instance_state": "running",
            "instance_type": "t2.micro",
            "ipv6_address_count": 0,
            "ipv6_addresses": [],
            "key_name": "agnikp",
            "launch_template": [],
            "maintenance_options": [
              {
                "auto_recovery": "default"
              }
            ],
            "metadata_options": [
              {
                "http_endpoint": "enabled",
                "http_put_response_hop_limit": 1,
                "http_tokens": "optional",
                "instance_metadata_tags": "disabled"
              }
            ],
            "monitoring": false,
            "network_interface": [],
            "outpost_arn": "",
            "password_data": "",
            "placement_group": "",
            "placement_partition_number": null,
            "primary_network_interface_id": "eni-0230879b47f8d6847",
            "private_dns": "ip-10-0-1-90.ec2.internal",
            "private_dns_name_options": [
              {
                "enable_resource_name_dns_a_record": false,
                "enable_resource_name_dns_aaaa_record": false,
                "hostname_type": "ip-name"
              }
            ],
            "private_ip": "10.0.1.90",
            "public_dns": "ec2-18-209-18-207.compute-1.amazonaws.com",
            "public_ip": "18.209.18.207",
            "root_block_device": [
              {
                "delete_on_termination": true,
                "device_name": "/dev/xvda",
                "encrypted": false,
                "iops": 100,
                "kms_key_id": "",
                "tags": {},
                "throughput": 0,
                "volume_id": "vol-03455813ad9b6439d",
                "volume_size": 10,
                "volume_type": "gp2"
              }
            ],
            "secondary_private_ips": [],
            "security_groups": [],
            "source_dest_check": true,
            "subnet_id": "subnet-06977de14a077445a",
            "tags": {
              "Name": "Jenkins-Master",
              "Owner": "saneeta.narla"
            },
            "tags_all": {
              "Name": "Jenkins-Master",
              "Owner": "saneeta.narla"
            },
            "tenancy": "default",
            "timeouts": null,
            "user_data": "b70b4f882bc584e9ccb828f803e3dfdd49ded4b7",
            "user_data_base64": null,
            "user_data_replace_on_change": false,
            "volume_tags": null,
            "vpc_security_group_ids": [
              "sg-0910ce86583a9c695"
            ]
          },
          "sensitive_attributes": [],
          "private": "eyJlMmJmYjczMC1lY2FhLTExZTYtOGY4OC0zNDM2M2JjN2M0YzAiOnsiY3JlYXRlIjo2MDAwMDAwMDAwMDAsImRlbGV0ZSI6MTIwMDAwMDAwMDAwMCwidXBkYXRlIjo2MDAwMDAwMDAwMDB9LCJzY2hlbWFfdmVyc2lvbiI6IjEifQ==",
          "dependencies": [
            "aws_iam_instance_profile.jenkins_role_profile",
            "aws_iam_role.jenkins_role",
            "aws_security_group.jenkins_allowed_sg",
            "aws_subnet.subnet_public",
            "aws_vpc.vpc"
          ]
        }
      ]
    },
    {
      "mode": "managed",
      "type": "aws_internet_gateway",
      "name": "igw",
      "provider": "provider[\"registry.terraform.io/hashicorp/aws\"]",
      "instances": [
        {
          "schema_version": 0,
          "attributes": {
            "arn": "arn:aws:ec2:us-east-1:725467313976:internet-gateway/igw-0bd4bda0a850d8d54",
            "id": "igw-0bd4bda0a850d8d54",
            "owner_id": "725467313976",
            "tags": {
              "Name": "angi_igw"
            },
            "tags_all": {
              "Name": "angi_igw"
            },
            "vpc_id": "vpc-0c6a2999cfd0d6721"
          },
          "sensitive_attributes": [],
          "private": "bnVsbA==",
          "dependencies": [
            "aws_vpc.vpc"
          ]
        }
      ]
    },
    {
      "mode": "managed",
      "type": "aws_key_pair",
      "name": "TF_Key",
      "provider": "provider[\"registry.terraform.io/hashicorp/aws\"]",
      "instances": [
        {
          "schema_version": 1,
          "attributes": {
            "arn": "arn:aws:ec2:us-east-1:725467313976:key-pair/agnikp",
            "fingerprint": "d7:be:80:d0:30:3c:68:41:5a:6a:54:3e:27:10:e2:90",
            "id": "agnikp",
            "key_name": "agnikp",
            "key_name_prefix": "",
            "key_pair_id": "key-0cf55c64632d4367b",
            "key_type": "rsa",
            "public_key": "ssh-rsa AAAAB3NzaC1yc2EAAAADAQABAAACAQCnSbDkC/90WwocMTYMHyl/B167rl+qDURQ8y5udfncKWaDXreGB9IWk4cnGzevTLNjRgh/xmEclOB2LyymwR5GqhY5MHJlJuDwFlr7hkL7uRgyMAbelmq5qxVbi+JxkPdIIqxdHovo6SagI/D5tUltU/8BkIn9MdH+lKbnWkdhAgnI+9i99buot0IlLxy41hONWjYeimZXIsNCsx/nQwZgK9D4tybro5KVu4kCBsXK6uH+BBIVYx1kiF0WNQzTzo9xsYRjoT++Xc470wz5c/9GN1lRegYi0m1unHh5S77XyLbvT2Fq+nv98Wa0jk+h4D68yIXe3wvCSY1iDjIBTO413+ralrVMxV5iWIS5VN3dQ6cEvi58lvtTbQTYw1/TU89NNGO0rkkvj6CBrsbb66zDujijRiYyBbzSJSM4OlOBsDgiRlvsFPYV/otzEHh6Uenjq8Aqj4ikCOVLEgsP4kskDlwugrqWajhFMZItlmhNysWOXgoyU6c+hICMEcb++UiNspLtTpHuIiraMIJMfOZHLQJAxE1p/aiiJpXxR74esby3gC7UymLrt83IQ5kjZHe74JoL7KmXqdXakt7KZFrpyZuwILRwen58Z80gfWBjMYaCE0vpOdOqNvNa+uOPJEA+/QHVoCo+OlwJT9zXrzbrb+Tbg/cG+Mbi384Z+Kkw9Q==",
            "tags": {},
            "tags_all": {}
          },
          "sensitive_attributes": [],
          "private": "eyJzY2hlbWFfdmVyc2lvbiI6IjEifQ==",
          "dependencies": [
            "tls_private_key.rsa"
          ]
        }
      ]
    },
    {
      "mode": "managed",
      "type": "aws_route_table",
      "name": "public-rt",
      "provider": "provider[\"registry.terraform.io/hashicorp/aws\"]",
      "instances": [
        {
          "schema_version": 0,
          "attributes": {
            "arn": "arn:aws:ec2:us-east-1:725467313976:route-table/rtb-06cd00a7d32e56839",
            "id": "rtb-06cd00a7d32e56839",
            "owner_id": "725467313976",
            "propagating_vgws": [],
            "route": [
              {
                "carrier_gateway_id": "",
                "cidr_block": "0.0.0.0/0",
                "core_network_arn": "",
                "destination_prefix_list_id": "",
                "egress_only_gateway_id": "",
                "gateway_id": "igw-0bd4bda0a850d8d54",
                "instance_id": "",
                "ipv6_cidr_block": "",
                "local_gateway_id": "",
                "nat_gateway_id": "",
                "network_interface_id": "",
                "transit_gateway_id": "",
                "vpc_endpoint_id": "",
                "vpc_peering_connection_id": ""
              }
            ],
            "tags": {
              "Name": "angi_public_rt"
            },
            "tags_all": {
              "Name": "angi_public_rt"
            },
            "timeouts": null,
            "vpc_id": "vpc-0c6a2999cfd0d6721"
          },
          "sensitive_attributes": [],
          "private": "eyJlMmJmYjczMC1lY2FhLTExZTYtOGY4OC0zNDM2M2JjN2M0YzAiOnsiY3JlYXRlIjozMDAwMDAwMDAwMDAsImRlbGV0ZSI6MzAwMDAwMDAwMDAwLCJ1cGRhdGUiOjEyMDAwMDAwMDAwMH19",
          "dependencies": [
            "aws_internet_gateway.igw",
            "aws_vpc.vpc"
          ]
        }
      ]
    },
    {
      "mode": "managed",
      "type": "aws_route_table_association",
      "name": "public-rt-subnet-assoc",
      "provider": "provider[\"registry.terraform.io/hashicorp/aws\"]",
      "instances": [
        {
          "schema_version": 0,
          "attributes": {
            "gateway_id": "",
            "id": "rtbassoc-05706cb32e873bc57",
            "route_table_id": "rtb-06cd00a7d32e56839",
            "subnet_id": "subnet-06977de14a077445a"
          },
          "sensitive_attributes": [],
          "private": "bnVsbA==",
          "dependencies": [
            "aws_internet_gateway.igw",
            "aws_route_table.public-rt",
            "aws_subnet.subnet_public",
            "aws_vpc.vpc"
          ]
        }
      ]
    },
    {
      "mode": "managed",
      "type": "aws_security_group",
      "name": "jenkins_allowed_sg",
      "provider": "provider[\"registry.terraform.io/hashicorp/aws\"]",
      "instances": [
        {
          "schema_version": 1,
          "attributes": {
            "arn": "arn:aws:ec2:us-east-1:725467313976:security-group/sg-0910ce86583a9c695",
            "description": "Managed by Terraform",
            "egress": [
              {
                "cidr_blocks": [
                  "0.0.0.0/0"
                ],
                "description": "",
                "from_port": 0,
                "ipv6_cidr_blocks": [],
                "prefix_list_ids": [],
                "protocol": "-1",
                "security_groups": [],
                "self": false,
                "to_port": 0
              }
            ],
            "id": "sg-0910ce86583a9c695",
            "ingress": [
              {
                "cidr_blocks": [
                  "0.0.0.0/0"
                ],
                "description": "",
                "from_port": 22,
                "ipv6_cidr_blocks": [],
                "prefix_list_ids": [],
                "protocol": "tcp",
                "security_groups": [],
                "self": false,
                "to_port": 22
              },
              {
                "cidr_blocks": [
                  "0.0.0.0/0"
                ],
                "description": "",
                "from_port": 8080,
                "ipv6_cidr_blocks": [],
                "prefix_list_ids": [],
                "protocol": "tcp",
                "security_groups": [],
                "self": false,
                "to_port": 8080
              }
            ],
            "name": "terraform-20220702212302871100000001",
            "name_prefix": "terraform-",
            "owner_id": "725467313976",
            "revoke_rules_on_delete": false,
            "tags": {
              "Name": "jenkins_allowed_sg"
            },
            "tags_all": {
              "Name": "jenkins_allowed_sg"
            },
            "timeouts": null,
            "vpc_id": "vpc-0c6a2999cfd0d6721"
          },
          "sensitive_attributes": [],
          "private": "eyJlMmJmYjczMC1lY2FhLTExZTYtOGY4OC0zNDM2M2JjN2M0YzAiOnsiY3JlYXRlIjo2MDAwMDAwMDAwMDAsImRlbGV0ZSI6OTAwMDAwMDAwMDAwfSwic2NoZW1hX3ZlcnNpb24iOiIxIn0=",
          "dependencies": [
            "aws_vpc.vpc"
          ]
        }
      ]
    },
    {
      "mode": "managed",
      "type": "aws_subnet",
      "name": "subnet_private_1",
      "provider": "provider[\"registry.terraform.io/hashicorp/aws\"]",
      "instances": [
        {
          "schema_version": 1,
          "attributes": {
            "arn": "arn:aws:ec2:us-east-1:725467313976:subnet/subnet-066c329101de1b49a",
            "assign_ipv6_address_on_creation": false,
            "availability_zone": "us-east-1a",
            "availability_zone_id": "use1-az4",
            "cidr_block": "10.0.2.0/24",
            "customer_owned_ipv4_pool": "",
            "enable_dns64": false,
            "enable_resource_name_dns_a_record_on_launch": false,
            "enable_resource_name_dns_aaaa_record_on_launch": false,
            "id": "subnet-066c329101de1b49a",
            "ipv6_cidr_block": "",
            "ipv6_cidr_block_association_id": "",
            "ipv6_native": false,
            "map_customer_owned_ip_on_launch": false,
            "map_public_ip_on_launch": false,
            "outpost_arn": "",
            "owner_id": "725467313976",
            "private_dns_hostname_type_on_launch": "ip-name",
            "tags": {
              "Name": "angi_private_subnet_1"
            },
            "tags_all": {
              "Name": "angi_private_subnet_1"
            },
            "timeouts": null,
            "vpc_id": "vpc-0c6a2999cfd0d6721"
          },
          "sensitive_attributes": [],
          "private": "eyJlMmJmYjczMC1lY2FhLTExZTYtOGY4OC0zNDM2M2JjN2M0YzAiOnsiY3JlYXRlIjo2MDAwMDAwMDAwMDAsImRlbGV0ZSI6MTIwMDAwMDAwMDAwMH0sInNjaGVtYV92ZXJzaW9uIjoiMSJ9",
          "dependencies": [
            "aws_vpc.vpc"
          ]
        }
      ]
    },
    {
      "mode": "managed",
      "type": "aws_subnet",
      "name": "subnet_private_2",
      "provider": "provider[\"registry.terraform.io/hashicorp/aws\"]",
      "instances": [
        {
          "schema_version": 1,
          "attributes": {
            "arn": "arn:aws:ec2:us-east-1:725467313976:subnet/subnet-0b11353a2963db2cf",
            "assign_ipv6_address_on_creation": false,
            "availability_zone": "us-east-1a",
            "availability_zone_id": "use1-az4",
            "cidr_block": "10.0.3.0/24",
            "customer_owned_ipv4_pool": "",
            "enable_dns64": false,
            "enable_resource_name_dns_a_record_on_launch": false,
            "enable_resource_name_dns_aaaa_record_on_launch": false,
            "id": "subnet-0b11353a2963db2cf",
            "ipv6_cidr_block": "",
            "ipv6_cidr_block_association_id": "",
            "ipv6_native": false,
            "map_customer_owned_ip_on_launch": false,
            "map_public_ip_on_launch": false,
            "outpost_arn": "",
            "owner_id": "725467313976",
            "private_dns_hostname_type_on_launch": "ip-name",
            "tags": {
              "Name": "angi_private_subnet_2"
            },
            "tags_all": {
              "Name": "angi_private_subnet_2"
            },
            "timeouts": null,
            "vpc_id": "vpc-0c6a2999cfd0d6721"
          },
          "sensitive_attributes": [],
          "private": "eyJlMmJmYjczMC1lY2FhLTExZTYtOGY4OC0zNDM2M2JjN2M0YzAiOnsiY3JlYXRlIjo2MDAwMDAwMDAwMDAsImRlbGV0ZSI6MTIwMDAwMDAwMDAwMH0sInNjaGVtYV92ZXJzaW9uIjoiMSJ9",
          "dependencies": [
            "aws_vpc.vpc"
          ]
        }
      ]
    },
    {
      "mode": "managed",
      "type": "aws_subnet",
      "name": "subnet_public",
      "provider": "provider[\"registry.terraform.io/hashicorp/aws\"]",
      "instances": [
        {
          "schema_version": 1,
          "attributes": {
            "arn": "arn:aws:ec2:us-east-1:725467313976:subnet/subnet-06977de14a077445a",
            "assign_ipv6_address_on_creation": false,
            "availability_zone": "us-east-1a",
            "availability_zone_id": "use1-az4",
            "cidr_block": "10.0.1.0/24",
            "customer_owned_ipv4_pool": "",
            "enable_dns64": false,
            "enable_resource_name_dns_a_record_on_launch": false,
            "enable_resource_name_dns_aaaa_record_on_launch": false,
            "id": "subnet-06977de14a077445a",
            "ipv6_cidr_block": "",
            "ipv6_cidr_block_association_id": "",
            "ipv6_native": false,
            "map_customer_owned_ip_on_launch": false,
            "map_public_ip_on_launch": true,
            "outpost_arn": "",
            "owner_id": "725467313976",
            "private_dns_hostname_type_on_launch": "ip-name",
            "tags": {
              "Name": "angi_pub_subnet"
            },
            "tags_all": {
              "Name": "angi_pub_subnet"
            },
            "timeouts": null,
            "vpc_id": "vpc-0c6a2999cfd0d6721"
          },
          "sensitive_attributes": [],
          "private": "eyJlMmJmYjczMC1lY2FhLTExZTYtOGY4OC0zNDM2M2JjN2M0YzAiOnsiY3JlYXRlIjo2MDAwMDAwMDAwMDAsImRlbGV0ZSI6MTIwMDAwMDAwMDAwMH0sInNjaGVtYV92ZXJzaW9uIjoiMSJ9",
          "dependencies": [
            "aws_vpc.vpc"
          ]
        }
      ]
    },
    {
      "mode": "managed",
      "type": "aws_vpc",
      "name": "vpc",
      "provider": "provider[\"registry.terraform.io/hashicorp/aws\"]",
      "instances": [
        {
          "schema_version": 1,
          "attributes": {
            "arn": "arn:aws:ec2:us-east-1:725467313976:vpc/vpc-0c6a2999cfd0d6721",
            "assign_generated_ipv6_cidr_block": false,
            "cidr_block": "10.0.0.0/16",
            "default_network_acl_id": "acl-00ac3c09e4b0dd3cb",
            "default_route_table_id": "rtb-062f233f75a75de4f",
            "default_security_group_id": "sg-019f14fb5db1b2064",
            "dhcp_options_id": "dopt-0a8f05778e790fe42",
            "enable_classiclink": false,
            "enable_classiclink_dns_support": false,
            "enable_dns_hostnames": true,
            "enable_dns_support": true,
            "id": "vpc-0c6a2999cfd0d6721",
            "instance_tenancy": "default",
            "ipv4_ipam_pool_id": null,
            "ipv4_netmask_length": null,
            "ipv6_association_id": "",
            "ipv6_cidr_block": "",
            "ipv6_cidr_block_network_border_group": "",
            "ipv6_ipam_pool_id": "",
            "ipv6_netmask_length": 0,
            "main_route_table_id": "rtb-062f233f75a75de4f",
            "owner_id": "725467313976",
            "tags": {
              "Name": "angi_vpc"
            },
            "tags_all": {
              "Name": "angi_vpc"
            }
          },
          "sensitive_attributes": [],
          "private": "eyJzY2hlbWFfdmVyc2lvbiI6IjEifQ=="
        }
      ]
    },
    {
      "mode": "managed",
      "type": "local_file",
      "name": "TF_Key",
      "provider": "provider[\"registry.terraform.io/hashicorp/local\"]",
      "instances": [
        {
          "schema_version": 0,
          "attributes": {
            "content": "-----BEGIN RSA PRIVATE KEY-----\nMIIJKAIBAAKCAgEAp0mw5Av/dFsKHDE2DB8pfwdeu65fqg1EUPMubnX53Clmg163\nhgfSFpOHJxs3r0yzY0YIf8ZhHJTgdi8spsEeRqoWOTByZSbg8BZa+4ZC+7kYMjAG\n3pZquasVW4vicZD3SCKsXR6L6OkmoCPw+bVJbVP/AZCJ/THR/pSm51pHYQIJyPvY\nvfW7qLdCJS8cuNYTjVo2HopmVyLDQrMf50MGYCvQ+Lcm66OSlbuJAgbFyurh/gQS\nFWMdZIhdFjUM086PcbGEY6E/vl3OO9MM+XP/RjdZUXoGItJtbpx4eUu+18i2709h\navp7/fFmtI5PoeA+vMiF3t8LwkmNYg4yAUzuNd/q2pa1TMVeYliEuVTd3UOnBL4u\nfJb7U20E2MNf01PPTTRjtK5JL4+gga7G2+usw7o4o0YmMgW80iUjODpTgbA4IkZb\n7BT2Ff6LcxB4elHp46vAKo+IpAjlSxILD+JLJA5cLoK6lmo4RTGSLZZoTcrFjl4K\nMlOnPoSAjBHG/vlIjbKS7U6R7iIq2jCCTHzmRy0CQMRNaf2ooiaV8Ue+HrG8t4Au\n1Mpi67fNyEOZI2R3u+CaC+ypl6nV2pLeymRa6cmbsCC0cHp+fGfNIH1gYzGGghNL\n6TnTqjbzWvrjjyRAPv0B1aAqPjpcCU/c168262/k24P3BvjG4t/OGfipMPUCAwEA\nAQKCAgAtG+nfFH0l2wa24243ho+h+VLKORMCv+EUEv8KOjXN8Dv8YKYMNj+oZs+i\n8+voET6uHkxcaBn3ow2D0OSxcpG/bE3hzfaK4Bj3pI+UE3gseJTVs62mh9jvh/qS\nXP4KsZR8lxzzXzFK9NO9ivOH4iKSoHu66EbNR4ngpCT9bZKhzfLlh0PCtWiM7h2f\n+Tw9ezx6eUDuq1M9W9pbOgH4UlJ9zFLlPj34fHsidRdUvI7JUNzvqhlWOwvJ+Bth\nyZxT4Pc9KSkR1IFjy9e4ughdm7HSNUqYddcBvMxVb0vtKUek2DK8BSO3vSOCLn4L\nYfSHKfjA3zF6D5sUINFHB5zkTOJOpRFZHJ1oyZAQX8Jo3Vib0XVnLua7BJSwslkH\nBb/qL5pz1t5zGo1toyBsUMTw2k5ndrylNMQ7Mq1bhJk0RfM4UfUTPrXM8dxAjt+y\nYUl3zIEaXLBSIB3WmsZXMUWPKUtwd4DcNm8+JhI/r/ZEGy64cFqPrP7uL3XfRVmJ\nzwV0Q+J9X87WtsvSB++YP+0taU1FNA7+aJwNM87Bt79oxetmXX1M1ASY91YGxG/0\nDbycc6qRewMUX+axXhnQ5gfLYxsVj70oCnzQ68Zr/7LNbCvwiBJv3BeqbeT+0v1/\nN/pIR885i3hAOSw+TE38SJoYFUHGuzWuPWP1TYS0ndy+/tUXAQKCAQEAyIjCGCkr\nQL3FGxEftrOdmngu1jCepphinEaLHwZuGJNBVbvY4KZAYxzccFa8hlhgRqNaYTnO\ny5YFxdnCIZLmlpCTQFB0qwllVtfzGeph1XHhVsHl50FQFGFGlbg1ivvClQYlbp6b\nt4sOnZxTxagyEVXjC/MmhRwXhcUbo/4Sr2+6DUD5enAboNnJgIcZDPDBXX5VEw+l\nSKK5elFtNe2vqj7/RROEV4DzZwlhqIT8oroazxPdCdA7l8dO4ZU07wMiVtyeZyMx\npJYQThelkn8AaA2/oAhDWCn3KX2fAZjF3NJChDoRWekLDuVZ9ad26SSXBmvZtklv\nZJvzuHT8pnQnbQKCAQEA1Y7a/IpuIs3mIxq0KPq3k5wcMFZDS10vhoyRG3/BfIdw\nyleEwXXZue118ZXDY/Mhqus3uN1SjgwrfTvjvY38uFhUrSRyFnd9nk94EYBnqwsW\n4F6W7r1wG3+zfAXlXf523vO1EaAkkq9yk6Rv/L9cScqGtLtygh0TXPBMCAtlX6b5\n2yXR6EKbZzfMb3fSHLYnHA64eZQjRmg4FDRIqC2pqA+XTJXaao2hPyumueVM4WSN\nK6Ytc8hONdIQ2hINXK45GFAqh8fHsUvb2F1UdQBCoKK2a0ZVuKV1g/PKQ8mQz326\nQoSc953rT3F2H5eGy33RRMmlKcdH00xlNTwwCxuSqQKCAQA+che+3lMRvgZ6/0IY\n6qXRTEuJd2pwBlPuxijcaGwwSuq1f+FxU1QJiRs8AEaEr1CLrqKeVBoJW5ZAnibN\nvakAidTQ2jz6ZdqgyG5zS4FbrjK1iXvGH5iIQCJyzQIfXXaiYV+Wqt1isnLCscOE\ncXPl4hDpz7XXDYBlr5OD5cJ7zxbouar2baKs3CTbWTZ7yRztuEFVxjF6BPItHN4d\nRP7GzQdAw2satJUXKNy4VXE2Wy2t/kl+nNFx2ia+KHBrXVZ8JgdNpq/2yKQbLVHp\n5JKD1IQvmWMfOTI2QWAaZzB2KyN7eXmdvewrn0/8J0HoJ/S/kyYglY2Sjt2+Ou/S\nBamhAoIBAEd9eht+b94g1UC9KMBrJdc5NEqOJhrtiAJfvhfZjbkVUhG6eIuW2xsd\nvhTwkKc99fBUq6OsG33H3yseSF/lT0ua7kXD5JlWyOudKNGbDZk5rh/QKnCjZAsg\nlcIX6y+rBroeFWhgFr4wE4gPTRnsKYXeUXfhJDUgbKH5I0qyHe6GZDATmhBJc+J6\n0GokT2cjJzaCSwkQKTrhmpxQ4F3EY34KMhkGNUbkQK13/GlQtIrjcUrCZ4bR8DSe\nLNwDnQuAm0ZjV8l6fIQCpAbrP2Gng6Zose55birQ4OUaUISezmZXbWnlIPLXn7VJ\ng0SSIiKu7MY9RpgUyRuYAG1wx5iAU3kCggEBAMFlHalWDwlPceZU95XzuwjDfwU7\ngcnfPCgG4vzAAZ77C9m0wxkvXmNGeXTJS5vsJirhCOfo5MUPdjNClKqbl/FncoRu\nRiJzzj6pNCE4kBCbGBfWh9Z3e0jMjqwsbDXOT3RS2Eu6659Q3LFiQAfHHEMx9F6b\njCks1mqeA8q1CqPltxQViJlqX3Hul9RWM2e23OsdnSz+6QWP+L3wMti2OH/blwPm\ndyd5eUFczbhJCMQtiYR3fQnrwryVWmpYFeYkoVxzw1Gd/URoOZLpIq3I9XNmILwi\neW0mdbmQ3CLcO+t55pnTbsrxkDQyh1B9zHEk9RwtfwlJUc2Dqi9ownmoU1g=\n-----END RSA PRIVATE KEY-----\n",
            "content_base64": null,
            "directory_permission": "0777",
            "file_permission": "0777",
            "filename": "angikp.pem",
            "id": "bd2129f4a770ccd8b2497411beb49e68a3d0fd9c",
            "sensitive_content": null,
            "source": null
          },
          "sensitive_attributes": [
            [
              {
                "type": "get_attr",
                "value": "content"
              }
            ]
          ],
          "private": "bnVsbA==",
          "dependencies": [
            "tls_private_key.rsa"
          ]
        }
      ]
    },
    {
      "mode": "managed",
      "type": "tls_private_key",
      "name": "rsa",
      "provider": "provider[\"registry.terraform.io/hashicorp/tls\"]",
      "instances": [
        {
          "schema_version": 0,
          "attributes": {
            "algorithm": "RSA",
            "ecdsa_curve": "P224",
            "id": "638415b38a0f35d753bf33d78d47ebf2167d79f3",
            "private_key_openssh": "-----BEGIN OPENSSH PRIVATE KEY-----\nb3BlbnNzaC1rZXktdjEAAAAABG5vbmUAAAAEbm9uZQAAAAAAAAABAAACFwAAAAdz\nc2gtcnNhAAAAAwEAAQAAAgEAp0mw5Av/dFsKHDE2DB8pfwdeu65fqg1EUPMubnX5\n3Clmg163hgfSFpOHJxs3r0yzY0YIf8ZhHJTgdi8spsEeRqoWOTByZSbg8BZa+4ZC\n+7kYMjAG3pZquasVW4vicZD3SCKsXR6L6OkmoCPw+bVJbVP/AZCJ/THR/pSm51pH\nYQIJyPvYvfW7qLdCJS8cuNYTjVo2HopmVyLDQrMf50MGYCvQ+Lcm66OSlbuJAgbF\nyurh/gQSFWMdZIhdFjUM086PcbGEY6E/vl3OO9MM+XP/RjdZUXoGItJtbpx4eUu+\n18i2709havp7/fFmtI5PoeA+vMiF3t8LwkmNYg4yAUzuNd/q2pa1TMVeYliEuVTd\n3UOnBL4ufJb7U20E2MNf01PPTTRjtK5JL4+gga7G2+usw7o4o0YmMgW80iUjODpT\ngbA4IkZb7BT2Ff6LcxB4elHp46vAKo+IpAjlSxILD+JLJA5cLoK6lmo4RTGSLZZo\nTcrFjl4KMlOnPoSAjBHG/vlIjbKS7U6R7iIq2jCCTHzmRy0CQMRNaf2ooiaV8Ue+\nHrG8t4Au1Mpi67fNyEOZI2R3u+CaC+ypl6nV2pLeymRa6cmbsCC0cHp+fGfNIH1g\nYzGGghNL6TnTqjbzWvrjjyRAPv0B1aAqPjpcCU/c168262/k24P3BvjG4t/OGfip\nMPUAAAc4Nj9sajY/bGoAAAAHc3NoLXJzYQAAAgEAp0mw5Av/dFsKHDE2DB8pfwde\nu65fqg1EUPMubnX53Clmg163hgfSFpOHJxs3r0yzY0YIf8ZhHJTgdi8spsEeRqoW\nOTByZSbg8BZa+4ZC+7kYMjAG3pZquasVW4vicZD3SCKsXR6L6OkmoCPw+bVJbVP/\nAZCJ/THR/pSm51pHYQIJyPvYvfW7qLdCJS8cuNYTjVo2HopmVyLDQrMf50MGYCvQ\n+Lcm66OSlbuJAgbFyurh/gQSFWMdZIhdFjUM086PcbGEY6E/vl3OO9MM+XP/RjdZ\nUXoGItJtbpx4eUu+18i2709havp7/fFmtI5PoeA+vMiF3t8LwkmNYg4yAUzuNd/q\n2pa1TMVeYliEuVTd3UOnBL4ufJb7U20E2MNf01PPTTRjtK5JL4+gga7G2+usw7o4\no0YmMgW80iUjODpTgbA4IkZb7BT2Ff6LcxB4elHp46vAKo+IpAjlSxILD+JLJA5c\nLoK6lmo4RTGSLZZoTcrFjl4KMlOnPoSAjBHG/vlIjbKS7U6R7iIq2jCCTHzmRy0C\nQMRNaf2ooiaV8Ue+HrG8t4Au1Mpi67fNyEOZI2R3u+CaC+ypl6nV2pLeymRa6cmb\nsCC0cHp+fGfNIH1gYzGGghNL6TnTqjbzWvrjjyRAPv0B1aAqPjpcCU/c168262/k\n24P3BvjG4t/OGfipMPUAAAADAQABAAACAC0b6d8UfSXbBrbjbjeGj6H5Uso5EwK/\n4RQS/wo6Nc3wO/xgpgw2P6hmz6Lz6+gRPq4eTFxoGfejDYPQ5LFykb9sTeHN9org\nGPekj5QTeCx4lNWzraaH2O+H+pJc/gqxlHyXHPNfMUr0072K84fiIpKge7roRs1H\nieCkJP1tkqHN8uWHQ8K1aIzuHZ/5PD17PHp5QO6rUz1b2ls6AfhSUn3MUuU+Pfh8\neyJ1F1S8jslQ3O+qGVY7C8n4G2HJnFPg9z0pKRHUgWPL17i6CF2bsdI1Sph11wG8\nzFVvS+0pR6TYMrwFI7e9I4Iufgth9Icp+MDfMXoPmxQg0UcHnORM4k6lEVkcnWjJ\nkBBfwmjdWJvRdWcu5rsElLCyWQcFv+ovmnPW3nMajW2jIGxQxPDaTmd2vKU0xDsy\nrVuEmTRF8zhR9RM+tczx3ECO37JhSXfMgRpcsFIgHdaaxlcxRY8pS3B3gNw2bz4m\nEj+v9kQbLrhwWo+s/u4vdd9FWYnPBXRD4n1fzta2y9IH75g/7S1pTUU0Dv5onA0z\nzsG3v2jF62ZdfUzUBJj3VgbEb/QNvJxzqpF7AxRf5rFeGdDmB8tjGxWPvSgKfNDr\nxmv/ss1sK/CIEm/cF6pt5P7S/X83+khHzzmLeEA5LD5MTfxImhgVQca7Na49Y/VN\nhLSd3L7+1RcBAAABAQDBZR2pVg8JT3HmVPeV87sIw38FO4HJ3zwoBuL8wAGe+wvZ\ntMMZL15jRnl0yUub7CYq4Qjn6OTFD3YzQpSqm5fxZ3KEbkYic84+qTQhOJAQmxgX\n1ofWd3tIzI6sLGw1zk90UthLuuufUNyxYkAHxxxDMfRem4wpLNZqngPKtQqj5bcU\nFYiZal9x7pfUVjNnttzrHZ0s/ukFj/i98DLYtjh/25cD5ncneXlBXM24SQjELYmE\nd30J68K8lVpqWBXmJKFcc8NRnf1EaDmS6SKtyPVzZiC8InltJnW5kNwi3DvreeaZ\n027K8ZA0ModQfcxxJPUcLX8JSVHNg6ovaMJ5qFNYAAABAQDIiMIYKStAvcUbER+2\ns52aeC7WMJ6mmGKcRosfBm4Yk0FVu9jgpkBjHNxwVryGWGBGo1phOc7LlgXF2cIh\nkuaWkJNAUHSrCWVW1/MZ6mHVceFWweXnQVAUYUaVuDWK+8KVBiVunpu3iw6dnFPF\nqDIRVeML8yaFHBeFxRuj/hKvb7oNQPl6cBug2cmAhxkM8MFdflUTD6VIorl6UW01\n7a+qPv9FE4RXgPNnCWGohPyiuhrPE90J0DuXx07hlTTvAyJW3J5nIzGklhBOF6WS\nfwBoDb+gCENYKfcpfZ8BmMXc0kKEOhFZ6QsO5Vn1p3bpJJcGa9m2SW9km/O4dPym\ndCdtAAABAQDVjtr8im4izeYjGrQo+reTnBwwVkNLXS+GjJEbf8F8h3DKV4TBddm5\n7XXxlcNj8yGq6ze43VKODCt9O+O9jfy4WFStJHIWd32eT3gRgGerCxbgXpbuvXAb\nf7N8BeVd/nbe87URoCSSr3KTpG/8v1xJyoa0u3KCHRNc8EwIC2VfpvnbJdHoQptn\nN8xvd9IcticcDrh5lCNGaDgUNEioLamoD5dMldpqjaE/K6a55UzhZI0rpi1zyE41\n0hDaEg1crjkYUCqHx8exS9vYXVR1AEKgorZrRlW4pXWD88pDyZDPfbpChJz3netP\ncXYfl4bLfdFEyaUpx0fTTGU1PDALG5KpAAAAAAEC\n-----END OPENSSH PRIVATE KEY-----\n",
            "private_key_pem": "-----BEGIN RSA PRIVATE KEY-----\nMIIJKAIBAAKCAgEAp0mw5Av/dFsKHDE2DB8pfwdeu65fqg1EUPMubnX53Clmg163\nhgfSFpOHJxs3r0yzY0YIf8ZhHJTgdi8spsEeRqoWOTByZSbg8BZa+4ZC+7kYMjAG\n3pZquasVW4vicZD3SCKsXR6L6OkmoCPw+bVJbVP/AZCJ/THR/pSm51pHYQIJyPvY\nvfW7qLdCJS8cuNYTjVo2HopmVyLDQrMf50MGYCvQ+Lcm66OSlbuJAgbFyurh/gQS\nFWMdZIhdFjUM086PcbGEY6E/vl3OO9MM+XP/RjdZUXoGItJtbpx4eUu+18i2709h\navp7/fFmtI5PoeA+vMiF3t8LwkmNYg4yAUzuNd/q2pa1TMVeYliEuVTd3UOnBL4u\nfJb7U20E2MNf01PPTTRjtK5JL4+gga7G2+usw7o4o0YmMgW80iUjODpTgbA4IkZb\n7BT2Ff6LcxB4elHp46vAKo+IpAjlSxILD+JLJA5cLoK6lmo4RTGSLZZoTcrFjl4K\nMlOnPoSAjBHG/vlIjbKS7U6R7iIq2jCCTHzmRy0CQMRNaf2ooiaV8Ue+HrG8t4Au\n1Mpi67fNyEOZI2R3u+CaC+ypl6nV2pLeymRa6cmbsCC0cHp+fGfNIH1gYzGGghNL\n6TnTqjbzWvrjjyRAPv0B1aAqPjpcCU/c168262/k24P3BvjG4t/OGfipMPUCAwEA\nAQKCAgAtG+nfFH0l2wa24243ho+h+VLKORMCv+EUEv8KOjXN8Dv8YKYMNj+oZs+i\n8+voET6uHkxcaBn3ow2D0OSxcpG/bE3hzfaK4Bj3pI+UE3gseJTVs62mh9jvh/qS\nXP4KsZR8lxzzXzFK9NO9ivOH4iKSoHu66EbNR4ngpCT9bZKhzfLlh0PCtWiM7h2f\n+Tw9ezx6eUDuq1M9W9pbOgH4UlJ9zFLlPj34fHsidRdUvI7JUNzvqhlWOwvJ+Bth\nyZxT4Pc9KSkR1IFjy9e4ughdm7HSNUqYddcBvMxVb0vtKUek2DK8BSO3vSOCLn4L\nYfSHKfjA3zF6D5sUINFHB5zkTOJOpRFZHJ1oyZAQX8Jo3Vib0XVnLua7BJSwslkH\nBb/qL5pz1t5zGo1toyBsUMTw2k5ndrylNMQ7Mq1bhJk0RfM4UfUTPrXM8dxAjt+y\nYUl3zIEaXLBSIB3WmsZXMUWPKUtwd4DcNm8+JhI/r/ZEGy64cFqPrP7uL3XfRVmJ\nzwV0Q+J9X87WtsvSB++YP+0taU1FNA7+aJwNM87Bt79oxetmXX1M1ASY91YGxG/0\nDbycc6qRewMUX+axXhnQ5gfLYxsVj70oCnzQ68Zr/7LNbCvwiBJv3BeqbeT+0v1/\nN/pIR885i3hAOSw+TE38SJoYFUHGuzWuPWP1TYS0ndy+/tUXAQKCAQEAyIjCGCkr\nQL3FGxEftrOdmngu1jCepphinEaLHwZuGJNBVbvY4KZAYxzccFa8hlhgRqNaYTnO\ny5YFxdnCIZLmlpCTQFB0qwllVtfzGeph1XHhVsHl50FQFGFGlbg1ivvClQYlbp6b\nt4sOnZxTxagyEVXjC/MmhRwXhcUbo/4Sr2+6DUD5enAboNnJgIcZDPDBXX5VEw+l\nSKK5elFtNe2vqj7/RROEV4DzZwlhqIT8oroazxPdCdA7l8dO4ZU07wMiVtyeZyMx\npJYQThelkn8AaA2/oAhDWCn3KX2fAZjF3NJChDoRWekLDuVZ9ad26SSXBmvZtklv\nZJvzuHT8pnQnbQKCAQEA1Y7a/IpuIs3mIxq0KPq3k5wcMFZDS10vhoyRG3/BfIdw\nyleEwXXZue118ZXDY/Mhqus3uN1SjgwrfTvjvY38uFhUrSRyFnd9nk94EYBnqwsW\n4F6W7r1wG3+zfAXlXf523vO1EaAkkq9yk6Rv/L9cScqGtLtygh0TXPBMCAtlX6b5\n2yXR6EKbZzfMb3fSHLYnHA64eZQjRmg4FDRIqC2pqA+XTJXaao2hPyumueVM4WSN\nK6Ytc8hONdIQ2hINXK45GFAqh8fHsUvb2F1UdQBCoKK2a0ZVuKV1g/PKQ8mQz326\nQoSc953rT3F2H5eGy33RRMmlKcdH00xlNTwwCxuSqQKCAQA+che+3lMRvgZ6/0IY\n6qXRTEuJd2pwBlPuxijcaGwwSuq1f+FxU1QJiRs8AEaEr1CLrqKeVBoJW5ZAnibN\nvakAidTQ2jz6ZdqgyG5zS4FbrjK1iXvGH5iIQCJyzQIfXXaiYV+Wqt1isnLCscOE\ncXPl4hDpz7XXDYBlr5OD5cJ7zxbouar2baKs3CTbWTZ7yRztuEFVxjF6BPItHN4d\nRP7GzQdAw2satJUXKNy4VXE2Wy2t/kl+nNFx2ia+KHBrXVZ8JgdNpq/2yKQbLVHp\n5JKD1IQvmWMfOTI2QWAaZzB2KyN7eXmdvewrn0/8J0HoJ/S/kyYglY2Sjt2+Ou/S\nBamhAoIBAEd9eht+b94g1UC9KMBrJdc5NEqOJhrtiAJfvhfZjbkVUhG6eIuW2xsd\nvhTwkKc99fBUq6OsG33H3yseSF/lT0ua7kXD5JlWyOudKNGbDZk5rh/QKnCjZAsg\nlcIX6y+rBroeFWhgFr4wE4gPTRnsKYXeUXfhJDUgbKH5I0qyHe6GZDATmhBJc+J6\n0GokT2cjJzaCSwkQKTrhmpxQ4F3EY34KMhkGNUbkQK13/GlQtIrjcUrCZ4bR8DSe\nLNwDnQuAm0ZjV8l6fIQCpAbrP2Gng6Zose55birQ4OUaUISezmZXbWnlIPLXn7VJ\ng0SSIiKu7MY9RpgUyRuYAG1wx5iAU3kCggEBAMFlHalWDwlPceZU95XzuwjDfwU7\ngcnfPCgG4vzAAZ77C9m0wxkvXmNGeXTJS5vsJirhCOfo5MUPdjNClKqbl/FncoRu\nRiJzzj6pNCE4kBCbGBfWh9Z3e0jMjqwsbDXOT3RS2Eu6659Q3LFiQAfHHEMx9F6b\njCks1mqeA8q1CqPltxQViJlqX3Hul9RWM2e23OsdnSz+6QWP+L3wMti2OH/blwPm\ndyd5eUFczbhJCMQtiYR3fQnrwryVWmpYFeYkoVxzw1Gd/URoOZLpIq3I9XNmILwi\neW0mdbmQ3CLcO+t55pnTbsrxkDQyh1B9zHEk9RwtfwlJUc2Dqi9ownmoU1g=\n-----END RSA PRIVATE KEY-----\n",
            "public_key_fingerprint_md5": "68:e6:be:aa:c4:80:57:c2:48:f9:db:95:9c:5d:82:e9",
            "public_key_fingerprint_sha256": "SHA256:2wHcddGHb0XI/YtpblYuUpNGHXGTeFWd3ZY9oOv0Pao",
            "public_key_openssh": "ssh-rsa AAAAB3NzaC1yc2EAAAADAQABAAACAQCnSbDkC/90WwocMTYMHyl/B167rl+qDURQ8y5udfncKWaDXreGB9IWk4cnGzevTLNjRgh/xmEclOB2LyymwR5GqhY5MHJlJuDwFlr7hkL7uRgyMAbelmq5qxVbi+JxkPdIIqxdHovo6SagI/D5tUltU/8BkIn9MdH+lKbnWkdhAgnI+9i99buot0IlLxy41hONWjYeimZXIsNCsx/nQwZgK9D4tybro5KVu4kCBsXK6uH+BBIVYx1kiF0WNQzTzo9xsYRjoT++Xc470wz5c/9GN1lRegYi0m1unHh5S77XyLbvT2Fq+nv98Wa0jk+h4D68yIXe3wvCSY1iDjIBTO413+ralrVMxV5iWIS5VN3dQ6cEvi58lvtTbQTYw1/TU89NNGO0rkkvj6CBrsbb66zDujijRiYyBbzSJSM4OlOBsDgiRlvsFPYV/otzEHh6Uenjq8Aqj4ikCOVLEgsP4kskDlwugrqWajhFMZItlmhNysWOXgoyU6c+hICMEcb++UiNspLtTpHuIiraMIJMfOZHLQJAxE1p/aiiJpXxR74esby3gC7UymLrt83IQ5kjZHe74JoL7KmXqdXakt7KZFrpyZuwILRwen58Z80gfWBjMYaCE0vpOdOqNvNa+uOPJEA+/QHVoCo+OlwJT9zXrzbrb+Tbg/cG+Mbi384Z+Kkw9Q==\n",
            "public_key_pem": "-----BEGIN PUBLIC KEY-----\nMIICIjANBgkqhkiG9w0BAQEFAAOCAg8AMIICCgKCAgEAp0mw5Av/dFsKHDE2DB8p\nfwdeu65fqg1EUPMubnX53Clmg163hgfSFpOHJxs3r0yzY0YIf8ZhHJTgdi8spsEe\nRqoWOTByZSbg8BZa+4ZC+7kYMjAG3pZquasVW4vicZD3SCKsXR6L6OkmoCPw+bVJ\nbVP/AZCJ/THR/pSm51pHYQIJyPvYvfW7qLdCJS8cuNYTjVo2HopmVyLDQrMf50MG\nYCvQ+Lcm66OSlbuJAgbFyurh/gQSFWMdZIhdFjUM086PcbGEY6E/vl3OO9MM+XP/\nRjdZUXoGItJtbpx4eUu+18i2709havp7/fFmtI5PoeA+vMiF3t8LwkmNYg4yAUzu\nNd/q2pa1TMVeYliEuVTd3UOnBL4ufJb7U20E2MNf01PPTTRjtK5JL4+gga7G2+us\nw7o4o0YmMgW80iUjODpTgbA4IkZb7BT2Ff6LcxB4elHp46vAKo+IpAjlSxILD+JL\nJA5cLoK6lmo4RTGSLZZoTcrFjl4KMlOnPoSAjBHG/vlIjbKS7U6R7iIq2jCCTHzm\nRy0CQMRNaf2ooiaV8Ue+HrG8t4Au1Mpi67fNyEOZI2R3u+CaC+ypl6nV2pLeymRa\n6cmbsCC0cHp+fGfNIH1gYzGGghNL6TnTqjbzWvrjjyRAPv0B1aAqPjpcCU/c1682\n62/k24P3BvjG4t/OGfipMPUCAwEAAQ==\n-----END PUBLIC KEY-----\n",
            "rsa_bits": 4096
          },
          "sensitive_attributes": [],
          "private": "bnVsbA=="
        }
      ]
    }
  ]
}
